
Microsoft Visual Studio Solution File, Format Version 12.00
# Visual Studio Version 17
VisualStudioVersion = 17.9.34728.123
MinimumVisualStudioVersion = 10.0.40219.1
Project("{9A19103F-16F7-4668-BE54-9A1E7A4F7556}") = "BackendApi", "BackendApi\BackendApi.csproj", "{596D1121-0CFF-45B0-AE5C-9D2072319497}"
EndProject
Project("{FAE04EC0-301F-11D3-BF4B-00C04F79EFBC}") = "FrontendApp", "FrontendApp\FrontendApp.csproj", "{2E736DBC-47F2-4025-B554-0FF0C980DCF0}"
EndProject
Global
	GlobalSection(SolutionConfigurationPlatforms) = preSolution
		Debug|Any CPU = Debug|Any CPU
		Release|Any CPU = Release|Any CPU
	EndGlobalSection
	GlobalSection(ProjectConfigurationPlatforms) = postSolution
		{596D1121-0CFF-45B0-AE5C-9D2072319497}.Debug|Any CPU.ActiveCfg = Debug|Any CPU
		{596D1121-0CFF-45B0-AE5C-9D2072319497}.Debug|Any CPU.Build.0 = Debug|Any CPU
		{596D1121-0CFF-45B0-AE5C-9D2072319497}.Release|Any CPU.ActiveCfg = Release|Any CPU
		{596D1121-0CFF-45B0-AE5C-9D2072319497}.Release|Any CPU.Build.0 = Release|Any CPU
		{2E736DBC-47F2-4025-B554-0FF0C980DCF0}.Debug|Any CPU.ActiveCfg = Debug|Any CPU
		{2E736DBC-47F2-4025-B554-0FF0C980DCF0}.Debug|Any CPU.Build.0 = Debug|Any CPU
		{2E736DBC-47F2-4025-B554-0FF0C980DCF0}.Release|Any CPU.ActiveCfg = Release|Any CPU
		{2E736DBC-47F2-4025-B554-0FF0C980DCF0}.Release|Any CPU.Build.0 = Release|Any CPU
	EndGlobalSection
	GlobalSection(SolutionProperties) = preSolution
		HideSolutionNode = FALSE
	EndGlobalSection
	GlobalSection(ExtensibilityGlobals) = postSolution
		SolutionGuid = {822EFCE5-3876-415E-8F97-EE3DC7EC82F1}
	EndGlobalSection
EndGlobal
